github.com/go-chi/chi/v5 v5.0.4 h1:5e494iHzsYBiyXQAHHuI4tyJS9M3V84OuX3ufIIGHFo=
github.com/go-chi/chi/v5 v5.0.4/go.mod h1:DslCQbL2OYiznFReuXYUmQ2hGd1aDpCnlMNITLSKoi8=
github.com/go-chi/cors v1.2.0 h1:tV1g1XENQ8ku4Bq3K9ub2AtgG+p16SmzeMSGTwrOKdE=
github.com/go-chi/cors v1.2.0/go.mod h1:sSbTewc+6wYHBBCW7ytsFSn836hqM7JxpglAy2Vzc58=
github.com/unrolled/secure v1.0.9 h1:BWRuEb1vDrBFFDdbCnKkof3gZ35I/bnHGyt0LB0TNyQ=
github.com/unrolled/secure v1.0.9/go.mod h1:fO+mEan+FLB0CdEnHf6Q4ZZVNqG+5fuLFnP8p0BXDPI=
github.com/urfave/negroni v1.0.0 h1:kIimOitoypq34K7TG7DUaJ9kq/N4Ofuwi1sjz0KipXc=
github.com/urfave/negroni v1.0.0/go.mod h1:Meg73S6kFm/4PpbYdq35yYWoCZ9mS/YSx+lKnmiohz4=
